
Microsoft Visual Studio Solution File, Format Version 12.00
# Visual Studio Version 16
VisualStudioVersion = 16.0.31410.357
MinimumVisualStudioVersion = 10.0.40219.1
Project("{FAE04EC0-301F-11D3-BF4B-00C04F79EFBC}") = "ProjectThree", "ProjectThree\ProjectThree.csproj", "{49A0EE11-711F-4E5B-A237-220829021288}"
EndProject
Project("{FAE04EC0-301F-11D3-BF4B-00C04F79EFBC}") = "test", "test\test.csproj", "{0FDC487B-335A-498D-B140-15559518B032}"
EndProject
Project("{FAE04EC0-301F-11D3-BF4B-00C04F79EFBC}") = "TestProject1", "TestProject1\TestProject1.csproj", "{4476271B-3D56-4440-8B87-5B22D8E73E6A}"
EndProject
Global
	GlobalSection(SolutionConfigurationPlatforms) = preSolution
		Debug|Any CPU = Debug|Any CPU
		Release|Any CPU = Release|Any CPU
	EndGlobalSection
	GlobalSection(ProjectConfigurationPlatforms) = postSolution
		{49A0EE11-711F-4E5B-A237-220829021288}.Debug|Any CPU.ActiveCfg = Debug|Any CPU
		{49A0EE11-711F-4E5B-A237-220829021288}.Debug|Any CPU.Build.0 = Debug|Any CPU
		{49A0EE11-711F-4E5B-A237-220829021288}.Release|Any CPU.ActiveCfg = Release|Any CPU
		{49A0EE11-711F-4E5B-A237-220829021288}.Release|Any CPU.Build.0 = Release|Any CPU
		{0FDC487B-335A-498D-B140-15559518B032}.Debug|Any CPU.ActiveCfg = Debug|Any CPU
		{0FDC487B-335A-498D-B140-15559518B032}.Debug|Any CPU.Build.0 = Debug|Any CPU
		{0FDC487B-335A-498D-B140-15559518B032}.Release|Any CPU.ActiveCfg = Release|Any CPU
		{0FDC487B-335A-498D-B140-15559518B032}.Release|Any CPU.Build.0 = Release|Any CPU
		{4476271B-3D56-4440-8B87-5B22D8E73E6A}.Debug|Any CPU.ActiveCfg = Debug|Any CPU
		{4476271B-3D56-4440-8B87-5B22D8E73E6A}.Debug|Any CPU.Build.0 = Debug|Any CPU
		{4476271B-3D56-4440-8B87-5B22D8E73E6A}.Release|Any CPU.ActiveCfg = Release|Any CPU
		{4476271B-3D56-4440-8B87-5B22D8E73E6A}.Release|Any CPU.Build.0 = Release|Any CPU
	EndGlobalSection
	GlobalSection(SolutionProperties) = preSolution
		HideSolutionNode = FALSE
	EndGlobalSection
	GlobalSection(ExtensibilityGlobals) = postSolution
		SolutionGuid = {5E1CD95D-7F6F-441A-BF91-6B35C9676E39}
	EndGlobalSection
EndGlobal
